
Microsoft Visual Studio Solution File, Format Version 12.00
# Visual Studio Version 16
VisualStudioVersion = 16.0.31613.86
MinimumVisualStudioVersion = 10.0.40219.1
Project("{FAE04EC0-301F-11D3-BF4B-00C04F79EFBC}") = "ConsoleApp2", "ConsoleApp2\ConsoleApp2.csproj", "{D9E5D1B5-10A2-4A09-A57A-6D6ECBEE6B9F}"
EndProject
Project("{FAE04EC0-301F-11D3-BF4B-00C04F79EFBC}") = "ConsoleApp1", "ConsoleApp1\ConsoleApp1.csproj", "{823AFA8D-E2A9-4E1C-BFD1-6663B501B31A}"
EndProject
Global
	GlobalSection(SolutionConfigurationPlatforms) = preSolution
		Debug|Any CPU = Debug|Any CPU
		Release|Any CPU = Release|Any CPU
	EndGlobalSection
	GlobalSection(ProjectConfigurationPlatforms) = postSolution
		{D9E5D1B5-10A2-4A09-A57A-6D6ECBEE6B9F}.Debug|Any CPU.ActiveCfg = Debug|Any CPU
		{D9E5D1B5-10A2-4A09-A57A-6D6ECBEE6B9F}.Debug|Any CPU.Build.0 = Debug|Any CPU
		{D9E5D1B5-10A2-4A09-A57A-6D6ECBEE6B9F}.Release|Any CPU.ActiveCfg = Release|Any CPU
		{D9E5D1B5-10A2-4A09-A57A-6D6ECBEE6B9F}.Release|Any CPU.Build.0 = Release|Any CPU
		{823AFA8D-E2A9-4E1C-BFD1-6663B501B31A}.Debug|Any CPU.ActiveCfg = Debug|Any CPU
		{823AFA8D-E2A9-4E1C-BFD1-6663B501B31A}.Debug|Any CPU.Build.0 = Debug|Any CPU
		{823AFA8D-E2A9-4E1C-BFD1-6663B501B31A}.Release|Any CPU.ActiveCfg = Release|Any CPU
		{823AFA8D-E2A9-4E1C-BFD1-6663B501B31A}.Release|Any CPU.Build.0 = Release|Any CPU
	EndGlobalSection
	GlobalSection(SolutionProperties) = preSolution
		HideSolutionNode = FALSE
	EndGlobalSection
	GlobalSection(ExtensibilityGlobals) = postSolution
		SolutionGuid = {CA772894-5487-4FD0-9D18-181B125B7299}
	EndGlobalSection
EndGlobal
