
Microsoft Visual Studio Solution File, Format Version 12.00
# Visual Studio Version 16
VisualStudioVersion = 16.0.31624.102
MinimumVisualStudioVersion = 10.0.40219.1
Project("{FAE04EC0-301F-11D3-BF4B-00C04F79EFBC}") = "Sort_Icom2", "Sort_Icom2.csproj", "{5B83E372-1A4D-4CE8-800F-05C32FAA54E5}"
EndProject
Global
	GlobalSection(SolutionConfigurationPlatforms) = preSolution
		Debug|Any CPU = Debug|Any CPU
		Release|Any CPU = Release|Any CPU
	EndGlobalSection
	GlobalSection(ProjectConfigurationPlatforms) = postSolution
		{5B83E372-1A4D-4CE8-800F-05C32FAA54E5}.Debug|Any CPU.ActiveCfg = Debug|Any CPU
		{5B83E372-1A4D-4CE8-800F-05C32FAA54E5}.Debug|Any CPU.Build.0 = Debug|Any CPU
		{5B83E372-1A4D-4CE8-800F-05C32FAA54E5}.Release|Any CPU.ActiveCfg = Release|Any CPU
		{5B83E372-1A4D-4CE8-800F-05C32FAA54E5}.Release|Any CPU.Build.0 = Release|Any CPU
	EndGlobalSection
	GlobalSection(SolutionProperties) = preSolution
		HideSolutionNode = FALSE
	EndGlobalSection
	GlobalSection(ExtensibilityGlobals) = postSolution
		SolutionGuid = {DC063071-7D6F-4B15-88C2-7721D8413336}
	EndGlobalSection
EndGlobal
