
Microsoft Visual Studio Solution File, Format Version 12.00
# Visual Studio Version 16
VisualStudioVersion = 16.0.31613.86
MinimumVisualStudioVersion = 10.0.40219.1
Project("{FAE04EC0-301F-11D3-BF4B-00C04F79EFBC}") = "SalaryEmps", "SalaryEmps\SalaryEmps.csproj", "{96D10C86-E54D-4126-8139-81034ABE59CA}"
EndProject
Global
	GlobalSection(SolutionConfigurationPlatforms) = preSolution
		Debug|Any CPU = Debug|Any CPU
		Release|Any CPU = Release|Any CPU
	EndGlobalSection
	GlobalSection(ProjectConfigurationPlatforms) = postSolution
		{96D10C86-E54D-4126-8139-81034ABE59CA}.Debug|Any CPU.ActiveCfg = Debug|Any CPU
		{96D10C86-E54D-4126-8139-81034ABE59CA}.Debug|Any CPU.Build.0 = Debug|Any CPU
		{96D10C86-E54D-4126-8139-81034ABE59CA}.Release|Any CPU.ActiveCfg = Release|Any CPU
		{96D10C86-E54D-4126-8139-81034ABE59CA}.Release|Any CPU.Build.0 = Release|Any CPU
	EndGlobalSection
	GlobalSection(SolutionProperties) = preSolution
		HideSolutionNode = FALSE
	EndGlobalSection
	GlobalSection(ExtensibilityGlobals) = postSolution
		SolutionGuid = {3671D643-6AB0-4B43-99E0-7C350AD72DD8}
	EndGlobalSection
EndGlobal
