
Microsoft Visual Studio Solution File, Format Version 12.00
# Visual Studio Version 16
VisualStudioVersion = 16.0.31613.86
MinimumVisualStudioVersion = 10.0.40219.1
Project("{FAE04EC0-301F-11D3-BF4B-00C04F79EFBC}") = "Transpose", "Transpose\Transpose.csproj", "{8CFDACE7-8B0D-499C-8A0E-B5429B040817}"
EndProject
Global
	GlobalSection(SolutionConfigurationPlatforms) = preSolution
		Debug|Any CPU = Debug|Any CPU
		Release|Any CPU = Release|Any CPU
	EndGlobalSection
	GlobalSection(ProjectConfigurationPlatforms) = postSolution
		{8CFDACE7-8B0D-499C-8A0E-B5429B040817}.Debug|Any CPU.ActiveCfg = Debug|Any CPU
		{8CFDACE7-8B0D-499C-8A0E-B5429B040817}.Debug|Any CPU.Build.0 = Debug|Any CPU
		{8CFDACE7-8B0D-499C-8A0E-B5429B040817}.Release|Any CPU.ActiveCfg = Release|Any CPU
		{8CFDACE7-8B0D-499C-8A0E-B5429B040817}.Release|Any CPU.Build.0 = Release|Any CPU
	EndGlobalSection
	GlobalSection(SolutionProperties) = preSolution
		HideSolutionNode = FALSE
	EndGlobalSection
	GlobalSection(ExtensibilityGlobals) = postSolution
		SolutionGuid = {08D1CDEF-8622-41EA-9EEC-184785F76F12}
	EndGlobalSection
EndGlobal
