
Microsoft Visual Studio Solution File, Format Version 12.00
# Visual Studio Version 16
VisualStudioVersion = 16.0.31613.86
MinimumVisualStudioVersion = 10.0.40219.1
Project("{FAE04EC0-301F-11D3-BF4B-00C04F79EFBC}") = "ArrayCollection", "ArrayCollection\ArrayCollection.csproj", "{94DBF9CF-B15A-414E-AC39-B5FB33860D6C}"
EndProject
Project("{FAE04EC0-301F-11D3-BF4B-00C04F79EFBC}") = "Example", "Example\Example.csproj", "{72054BBE-90F0-43CE-BD15-9EB9A45EFE72}"
EndProject
Project("{FAE04EC0-301F-11D3-BF4B-00C04F79EFBC}") = "StackExample", "StackExample\StackExample.csproj", "{B7C6629D-551E-4A8C-B398-887F39B3D701}"
EndProject
Project("{FAE04EC0-301F-11D3-BF4B-00C04F79EFBC}") = "HashExample", "HashExample\HashExample.csproj", "{D64CBD14-E359-49C2-9446-0359FC47D591}"
EndProject
Project("{FAE04EC0-301F-11D3-BF4B-00C04F79EFBC}") = "QueueExe", "QueueExe\QueueExe.csproj", "{EAC64E8A-30D9-47DA-B8CB-CD748FCFC3CF}"
EndProject
Project("{FAE04EC0-301F-11D3-BF4B-00C04F79EFBC}") = "GenericExe", "GenericExe\GenericExe.csproj", "{2F973206-1300-4265-8DC3-E821402CD2CF}"
EndProject
Project("{FAE04EC0-301F-11D3-BF4B-00C04F79EFBC}") = "Linkedlist", "Linkedlist\Linkedlist.csproj", "{28F306D5-8D62-47F4-BDD8-C95FEF03D396}"
EndProject
Project("{FAE04EC0-301F-11D3-BF4B-00C04F79EFBC}") = "LLnode", "LLnode\LLnode.csproj", "{8A5DBD54-1194-4040-8A0A-5E63BE519C00}"
EndProject
Project("{FAE04EC0-301F-11D3-BF4B-00C04F79EFBC}") = "Generic", "Generic\Generic.csproj", "{D9E74B67-7792-4AF2-924E-2AA2FEDFF86F}"
EndProject
Project("{FAE04EC0-301F-11D3-BF4B-00C04F79EFBC}") = "ConsoleApp1", "ConsoleApp1\ConsoleApp1.csproj", "{608C3E46-203B-43EF-A260-8BFCD2724F8D}"
EndProject
Project("{FAE04EC0-301F-11D3-BF4B-00C04F79EFBC}") = "DictionaryExe", "DictionaryExe\DictionaryExe.csproj", "{1FF3B40F-5D6C-4EBE-B953-8DAEE2C70BCE}"
EndProject
Project("{FAE04EC0-301F-11D3-BF4B-00C04F79EFBC}") = "StudentData", "StudentData\StudentData.csproj", "{14D07FF5-10F6-4BD3-BA83-F0BA6D287929}"
EndProject
Global
	GlobalSection(SolutionConfigurationPlatforms) = preSolution
		Debug|Any CPU = Debug|Any CPU
		Release|Any CPU = Release|Any CPU
	EndGlobalSection
	GlobalSection(ProjectConfigurationPlatforms) = postSolution
		{94DBF9CF-B15A-414E-AC39-B5FB33860D6C}.Debug|Any CPU.ActiveCfg = Debug|Any CPU
		{94DBF9CF-B15A-414E-AC39-B5FB33860D6C}.Debug|Any CPU.Build.0 = Debug|Any CPU
		{94DBF9CF-B15A-414E-AC39-B5FB33860D6C}.Release|Any CPU.ActiveCfg = Release|Any CPU
		{94DBF9CF-B15A-414E-AC39-B5FB33860D6C}.Release|Any CPU.Build.0 = Release|Any CPU
		{72054BBE-90F0-43CE-BD15-9EB9A45EFE72}.Debug|Any CPU.ActiveCfg = Debug|Any CPU
		{72054BBE-90F0-43CE-BD15-9EB9A45EFE72}.Debug|Any CPU.Build.0 = Debug|Any CPU
		{72054BBE-90F0-43CE-BD15-9EB9A45EFE72}.Release|Any CPU.ActiveCfg = Release|Any CPU
		{72054BBE-90F0-43CE-BD15-9EB9A45EFE72}.Release|Any CPU.Build.0 = Release|Any CPU
		{B7C6629D-551E-4A8C-B398-887F39B3D701}.Debug|Any CPU.ActiveCfg = Debug|Any CPU
		{B7C6629D-551E-4A8C-B398-887F39B3D701}.Debug|Any CPU.Build.0 = Debug|Any CPU
		{B7C6629D-551E-4A8C-B398-887F39B3D701}.Release|Any CPU.ActiveCfg = Release|Any CPU
		{B7C6629D-551E-4A8C-B398-887F39B3D701}.Release|Any CPU.Build.0 = Release|Any CPU
		{D64CBD14-E359-49C2-9446-0359FC47D591}.Debug|Any CPU.ActiveCfg = Debug|Any CPU
		{D64CBD14-E359-49C2-9446-0359FC47D591}.Debug|Any CPU.Build.0 = Debug|Any CPU
		{D64CBD14-E359-49C2-9446-0359FC47D591}.Release|Any CPU.ActiveCfg = Release|Any CPU
		{D64CBD14-E359-49C2-9446-0359FC47D591}.Release|Any CPU.Build.0 = Release|Any CPU
		{EAC64E8A-30D9-47DA-B8CB-CD748FCFC3CF}.Debug|Any CPU.ActiveCfg = Debug|Any CPU
		{EAC64E8A-30D9-47DA-B8CB-CD748FCFC3CF}.Debug|Any CPU.Build.0 = Debug|Any CPU
		{EAC64E8A-30D9-47DA-B8CB-CD748FCFC3CF}.Release|Any CPU.ActiveCfg = Release|Any CPU
		{EAC64E8A-30D9-47DA-B8CB-CD748FCFC3CF}.Release|Any CPU.Build.0 = Release|Any CPU
		{2F973206-1300-4265-8DC3-E821402CD2CF}.Debug|Any CPU.ActiveCfg = Debug|Any CPU
		{2F973206-1300-4265-8DC3-E821402CD2CF}.Debug|Any CPU.Build.0 = Debug|Any CPU
		{2F973206-1300-4265-8DC3-E821402CD2CF}.Release|Any CPU.ActiveCfg = Release|Any CPU
		{2F973206-1300-4265-8DC3-E821402CD2CF}.Release|Any CPU.Build.0 = Release|Any CPU
		{28F306D5-8D62-47F4-BDD8-C95FEF03D396}.Debug|Any CPU.ActiveCfg = Debug|Any CPU
		{28F306D5-8D62-47F4-BDD8-C95FEF03D396}.Debug|Any CPU.Build.0 = Debug|Any CPU
		{28F306D5-8D62-47F4-BDD8-C95FEF03D396}.Release|Any CPU.ActiveCfg = Release|Any CPU
		{28F306D5-8D62-47F4-BDD8-C95FEF03D396}.Release|Any CPU.Build.0 = Release|Any CPU
		{8A5DBD54-1194-4040-8A0A-5E63BE519C00}.Debug|Any CPU.ActiveCfg = Debug|Any CPU
		{8A5DBD54-1194-4040-8A0A-5E63BE519C00}.Debug|Any CPU.Build.0 = Debug|Any CPU
		{8A5DBD54-1194-4040-8A0A-5E63BE519C00}.Release|Any CPU.ActiveCfg = Release|Any CPU
		{8A5DBD54-1194-4040-8A0A-5E63BE519C00}.Release|Any CPU.Build.0 = Release|Any CPU
		{D9E74B67-7792-4AF2-924E-2AA2FEDFF86F}.Debug|Any CPU.ActiveCfg = Debug|Any CPU
		{D9E74B67-7792-4AF2-924E-2AA2FEDFF86F}.Debug|Any CPU.Build.0 = Debug|Any CPU
		{D9E74B67-7792-4AF2-924E-2AA2FEDFF86F}.Release|Any CPU.ActiveCfg = Release|Any CPU
		{D9E74B67-7792-4AF2-924E-2AA2FEDFF86F}.Release|Any CPU.Build.0 = Release|Any CPU
		{608C3E46-203B-43EF-A260-8BFCD2724F8D}.Debug|Any CPU.ActiveCfg = Debug|Any CPU
		{608C3E46-203B-43EF-A260-8BFCD2724F8D}.Debug|Any CPU.Build.0 = Debug|Any CPU
		{608C3E46-203B-43EF-A260-8BFCD2724F8D}.Release|Any CPU.ActiveCfg = Release|Any CPU
		{608C3E46-203B-43EF-A260-8BFCD2724F8D}.Release|Any CPU.Build.0 = Release|Any CPU
		{1FF3B40F-5D6C-4EBE-B953-8DAEE2C70BCE}.Debug|Any CPU.ActiveCfg = Debug|Any CPU
		{1FF3B40F-5D6C-4EBE-B953-8DAEE2C70BCE}.Debug|Any CPU.Build.0 = Debug|Any CPU
		{1FF3B40F-5D6C-4EBE-B953-8DAEE2C70BCE}.Release|Any CPU.ActiveCfg = Release|Any CPU
		{1FF3B40F-5D6C-4EBE-B953-8DAEE2C70BCE}.Release|Any CPU.Build.0 = Release|Any CPU
		{14D07FF5-10F6-4BD3-BA83-F0BA6D287929}.Debug|Any CPU.ActiveCfg = Debug|Any CPU
		{14D07FF5-10F6-4BD3-BA83-F0BA6D287929}.Debug|Any CPU.Build.0 = Debug|Any CPU
		{14D07FF5-10F6-4BD3-BA83-F0BA6D287929}.Release|Any CPU.ActiveCfg = Release|Any CPU
		{14D07FF5-10F6-4BD3-BA83-F0BA6D287929}.Release|Any CPU.Build.0 = Release|Any CPU
	EndGlobalSection
	GlobalSection(SolutionProperties) = preSolution
		HideSolutionNode = FALSE
	EndGlobalSection
	GlobalSection(ExtensibilityGlobals) = postSolution
		SolutionGuid = {8C471389-043E-4E97-89E4-A738962C907B}
	EndGlobalSection
EndGlobal
