
Microsoft Visual Studio Solution File, Format Version 12.00
# Visual Studio Version 16
VisualStudioVersion = 16.0.31613.86
MinimumVisualStudioVersion = 10.0.40219.1
Project("{FAE04EC0-301F-11D3-BF4B-00C04F79EFBC}") = "salary", "salary\salary.csproj", "{AE33080E-0129-42C5-9FBB-AB27ACA7B69A}"
EndProject
Global
	GlobalSection(SolutionConfigurationPlatforms) = preSolution
		Debug|Any CPU = Debug|Any CPU
		Release|Any CPU = Release|Any CPU
	EndGlobalSection
	GlobalSection(ProjectConfigurationPlatforms) = postSolution
		{AE33080E-0129-42C5-9FBB-AB27ACA7B69A}.Debug|Any CPU.ActiveCfg = Debug|Any CPU
		{AE33080E-0129-42C5-9FBB-AB27ACA7B69A}.Debug|Any CPU.Build.0 = Debug|Any CPU
		{AE33080E-0129-42C5-9FBB-AB27ACA7B69A}.Release|Any CPU.ActiveCfg = Release|Any CPU
		{AE33080E-0129-42C5-9FBB-AB27ACA7B69A}.Release|Any CPU.Build.0 = Release|Any CPU
	EndGlobalSection
	GlobalSection(SolutionProperties) = preSolution
		HideSolutionNode = FALSE
	EndGlobalSection
	GlobalSection(ExtensibilityGlobals) = postSolution
		SolutionGuid = {BBC5885A-AA34-4093-9DF5-7CE2D318C902}
	EndGlobalSection
EndGlobal
