
Microsoft Visual Studio Solution File, Format Version 12.00
# Visual Studio Version 16
VisualStudioVersion = 16.0.31613.86
MinimumVisualStudioVersion = 10.0.40219.1
Project("{FAE04EC0-301F-11D3-BF4B-00C04F79EFBC}") = "Chayan_reverse", "Chayan_reverse\Chayan_reverse.csproj", "{7B0C5BB8-7901-49FD-9DE6-6192A6567D3F}"
EndProject
Global
	GlobalSection(SolutionConfigurationPlatforms) = preSolution
		Debug|Any CPU = Debug|Any CPU
		Release|Any CPU = Release|Any CPU
	EndGlobalSection
	GlobalSection(ProjectConfigurationPlatforms) = postSolution
		{7B0C5BB8-7901-49FD-9DE6-6192A6567D3F}.Debug|Any CPU.ActiveCfg = Debug|Any CPU
		{7B0C5BB8-7901-49FD-9DE6-6192A6567D3F}.Debug|Any CPU.Build.0 = Debug|Any CPU
		{7B0C5BB8-7901-49FD-9DE6-6192A6567D3F}.Release|Any CPU.ActiveCfg = Release|Any CPU
		{7B0C5BB8-7901-49FD-9DE6-6192A6567D3F}.Release|Any CPU.Build.0 = Release|Any CPU
	EndGlobalSection
	GlobalSection(SolutionProperties) = preSolution
		HideSolutionNode = FALSE
	EndGlobalSection
	GlobalSection(ExtensibilityGlobals) = postSolution
		SolutionGuid = {CC21154A-6075-4BE5-8C4C-7753FD13AB66}
	EndGlobalSection
EndGlobal
