
Microsoft Visual Studio Solution File, Format Version 12.00
# Visual Studio Version 16
VisualStudioVersion = 16.0.31613.86
MinimumVisualStudioVersion = 10.0.40219.1
Project("{FAE04EC0-301F-11D3-BF4B-00C04F79EFBC}") = "Shreeshareverse", "Shreeshareverse\Shreeshareverse.csproj", "{344865FE-7CC2-4F20-8576-B90CC66957C2}"
EndProject
Global
	GlobalSection(SolutionConfigurationPlatforms) = preSolution
		Debug|Any CPU = Debug|Any CPU
		Release|Any CPU = Release|Any CPU
	EndGlobalSection
	GlobalSection(ProjectConfigurationPlatforms) = postSolution
		{344865FE-7CC2-4F20-8576-B90CC66957C2}.Debug|Any CPU.ActiveCfg = Debug|Any CPU
		{344865FE-7CC2-4F20-8576-B90CC66957C2}.Debug|Any CPU.Build.0 = Debug|Any CPU
		{344865FE-7CC2-4F20-8576-B90CC66957C2}.Release|Any CPU.ActiveCfg = Release|Any CPU
		{344865FE-7CC2-4F20-8576-B90CC66957C2}.Release|Any CPU.Build.0 = Release|Any CPU
	EndGlobalSection
	GlobalSection(SolutionProperties) = preSolution
		HideSolutionNode = FALSE
	EndGlobalSection
	GlobalSection(ExtensibilityGlobals) = postSolution
		SolutionGuid = {86EE6B33-6D19-4F90-BE1A-1B9336052B50}
	EndGlobalSection
EndGlobal
